
Microsoft Visual Studio Solution File, Format Version 12.00
# Visual Studio Version 16
VisualStudioVersion = 16.0.28902.138
MinimumVisualStudioVersion = 10.0.40219.1
Project("{9A19103F-16F7-4668-BE54-9A1E7A4F7556}") = "Serilog.Enrichers.UtcTime", "src\Serilog.Enrichers.UtcTime\Serilog.Enrichers.UtcTime.csproj", "{3CA67DB1-1630-4C8E-8A3A-073E99D8E525}"
EndProject
Project("{2150E333-8FDC-42A3-9474-1A3956D46DE8}") = "Solution Items", "Solution Items", "{2B074928-34DC-4EA2-A1AA-58F085336F55}"
	ProjectSection(SolutionItems) = preProject
		azure-pipelines.yml = azure-pipelines.yml
		LICENSE = LICENSE
		README.md = README.md
	EndProjectSection
EndProject
Global
	GlobalSection(SolutionConfigurationPlatforms) = preSolution
		Debug|Any CPU = Debug|Any CPU
		Release|Any CPU = Release|Any CPU
	EndGlobalSection
	GlobalSection(ProjectConfigurationPlatforms) = postSolution
		{3CA67DB1-1630-4C8E-8A3A-073E99D8E525}.Debug|Any CPU.ActiveCfg = Debug|Any CPU
		{3CA67DB1-1630-4C8E-8A3A-073E99D8E525}.Debug|Any CPU.Build.0 = Debug|Any CPU
		{3CA67DB1-1630-4C8E-8A3A-073E99D8E525}.Release|Any CPU.ActiveCfg = Release|Any CPU
		{3CA67DB1-1630-4C8E-8A3A-073E99D8E525}.Release|Any CPU.Build.0 = Release|Any CPU
	EndGlobalSection
	GlobalSection(SolutionProperties) = preSolution
		HideSolutionNode = FALSE
	EndGlobalSection
	GlobalSection(ExtensibilityGlobals) = postSolution
		SolutionGuid = {5048C869-3555-4E34-BA46-27DC547F5616}
	EndGlobalSection
EndGlobal
